
Microsoft Visual Studio Solution File, Format Version 12.00
# Visual Studio Version 16
VisualStudioVersion = 16.0.30611.23
MinimumVisualStudioVersion = 10.0.40219.1
Project("{FAE04EC0-301F-11D3-BF4B-00C04F79EFBC}") = "KutuphaneOtomasyonu", "KutuphaneOtomasyonu\KutuphaneOtomasyonu.csproj", "{1D815F83-AA40-46FC-BCB1-8C0F124E7B1F}"
EndProject
Project("{FAE04EC0-301F-11D3-BF4B-00C04F79EFBC}") = "ENTITYLAYER", "ENTITYLAYER\ENTITYLAYER.csproj", "{D1F1EF3B-1BF3-46C2-AF32-A639136C1862}"
EndProject
Project("{FAE04EC0-301F-11D3-BF4B-00C04F79EFBC}") = "DATAACCESSLAYER", "DATAACCESSLAYER\DATAACCESSLAYER.csproj", "{B8163B6A-C494-4CC9-A3AE-B3A32B16B151}"
EndProject
Project("{FAE04EC0-301F-11D3-BF4B-00C04F79EFBC}") = "BUSINESSLAYER", "BUSINESSLAYER\BUSINESSLAYER.csproj", "{07D828BF-52E9-4FF9-9D68-65E9AB7B157E}"
EndProject
Global
	GlobalSection(SolutionConfigurationPlatforms) = preSolution
		CD_ROM|Any CPU = CD_ROM|Any CPU
		CD_ROM|x64 = CD_ROM|x64
		Custom|Any CPU = Custom|Any CPU
		Custom|x64 = Custom|x64
		Debug|Any CPU = Debug|Any CPU
		Debug|x64 = Debug|x64
		DVD-10|Any CPU = DVD-10|Any CPU
		DVD-10|x64 = DVD-10|x64
		DVD-18|Any CPU = DVD-18|Any CPU
		DVD-18|x64 = DVD-18|x64
		DVD-5|Any CPU = DVD-5|Any CPU
		DVD-5|x64 = DVD-5|x64
		DVD-9|Any CPU = DVD-9|Any CPU
		DVD-9|x64 = DVD-9|x64
		Release|Any CPU = Release|Any CPU
		Release|x64 = Release|x64
		SingleImage|Any CPU = SingleImage|Any CPU
		SingleImage|x64 = SingleImage|x64
		WebDeployment|Any CPU = WebDeployment|Any CPU
		WebDeployment|x64 = WebDeployment|x64
	EndGlobalSection
	GlobalSection(ProjectConfigurationPlatforms) = postSolution
		{1D815F83-AA40-46FC-BCB1-8C0F124E7B1F}.CD_ROM|Any CPU.ActiveCfg = Release|Any CPU
		{1D815F83-AA40-46FC-BCB1-8C0F124E7B1F}.CD_ROM|Any CPU.Build.0 = Release|Any CPU
		{1D815F83-AA40-46FC-BCB1-8C0F124E7B1F}.CD_ROM|x64.ActiveCfg = Release|x64
		{1D815F83-AA40-46FC-BCB1-8C0F124E7B1F}.CD_ROM|x64.Build.0 = Release|x64
		{1D815F83-AA40-46FC-BCB1-8C0F124E7B1F}.Custom|Any CPU.ActiveCfg = Release|Any CPU
		{1D815F83-AA40-46FC-BCB1-8C0F124E7B1F}.Custom|Any CPU.Build.0 = Release|Any CPU
		{1D815F83-AA40-46FC-BCB1-8C0F124E7B1F}.Custom|x64.ActiveCfg = Release|x64
		{1D815F83-AA40-46FC-BCB1-8C0F124E7B1F}.Custom|x64.Build.0 = Release|x64
		{1D815F83-AA40-46FC-BCB1-8C0F124E7B1F}.Debug|Any CPU.ActiveCfg = Debug|Any CPU
		{1D815F83-AA40-46FC-BCB1-8C0F124E7B1F}.Debug|Any CPU.Build.0 = Debug|Any CPU
		{1D815F83-AA40-46FC-BCB1-8C0F124E7B1F}.Debug|x64.ActiveCfg = Debug|x64
		{1D815F83-AA40-46FC-BCB1-8C0F124E7B1F}.Debug|x64.Build.0 = Debug|x64
		{1D815F83-AA40-46FC-BCB1-8C0F124E7B1F}.DVD-10|Any CPU.ActiveCfg = Debug|Any CPU
		{1D815F83-AA40-46FC-BCB1-8C0F124E7B1F}.DVD-10|Any CPU.Build.0 = Debug|Any CPU
		{1D815F83-AA40-46FC-BCB1-8C0F124E7B1F}.DVD-10|x64.ActiveCfg = Debug|x64
		{1D815F83-AA40-46FC-BCB1-8C0F124E7B1F}.DVD-10|x64.Build.0 = Debug|x64
		{1D815F83-AA40-46FC-BCB1-8C0F124E7B1F}.DVD-18|Any CPU.ActiveCfg = Debug|Any CPU
		{1D815F83-AA40-46FC-BCB1-8C0F124E7B1F}.DVD-18|Any CPU.Build.0 = Debug|Any CPU
		{1D815F83-AA40-46FC-BCB1-8C0F124E7B1F}.DVD-18|x64.ActiveCfg = Debug|x64
		{1D815F83-AA40-46FC-BCB1-8C0F124E7B1F}.DVD-18|x64.Build.0 = Debug|x64
		{1D815F83-AA40-46FC-BCB1-8C0F124E7B1F}.DVD-5|Any CPU.ActiveCfg = Debug|Any CPU
		{1D815F83-AA40-46FC-BCB1-8C0F124E7B1F}.DVD-5|Any CPU.Build.0 = Debug|Any CPU
		{1D815F83-AA40-46FC-BCB1-8C0F124E7B1F}.DVD-5|x64.ActiveCfg = Debug|x64
		{1D815F83-AA40-46FC-BCB1-8C0F124E7B1F}.DVD-5|x64.Build.0 = Debug|x64
		{1D815F83-AA40-46FC-BCB1-8C0F124E7B1F}.DVD-9|Any CPU.ActiveCfg = Debug|Any CPU
		{1D815F83-AA40-46FC-BCB1-8C0F124E7B1F}.DVD-9|Any CPU.Build.0 = Debug|Any CPU
		{1D815F83-AA40-46FC-BCB1-8C0F124E7B1F}.DVD-9|x64.ActiveCfg = Debug|x64
		{1D815F83-AA40-46FC-BCB1-8C0F124E7B1F}.DVD-9|x64.Build.0 = Debug|x64
		{1D815F83-AA40-46FC-BCB1-8C0F124E7B1F}.Release|Any CPU.ActiveCfg = Release|Any CPU
		{1D815F83-AA40-46FC-BCB1-8C0F124E7B1F}.Release|Any CPU.Build.0 = Release|Any CPU
		{1D815F83-AA40-46FC-BCB1-8C0F124E7B1F}.Release|x64.ActiveCfg = Release|x64
		{1D815F83-AA40-46FC-BCB1-8C0F124E7B1F}.Release|x64.Build.0 = Release|x64
		{1D815F83-AA40-46FC-BCB1-8C0F124E7B1F}.SingleImage|Any CPU.ActiveCfg = Release|Any CPU
		{1D815F83-AA40-46FC-BCB1-8C0F124E7B1F}.SingleImage|Any CPU.Build.0 = Release|Any CPU
		{1D815F83-AA40-46FC-BCB1-8C0F124E7B1F}.SingleImage|x64.ActiveCfg = Release|x64
		{1D815F83-AA40-46FC-BCB1-8C0F124E7B1F}.SingleImage|x64.Build.0 = Release|x64
		{1D815F83-AA40-46FC-BCB1-8C0F124E7B1F}.WebDeployment|Any CPU.ActiveCfg = Release|Any CPU
		{1D815F83-AA40-46FC-BCB1-8C0F124E7B1F}.WebDeployment|Any CPU.Build.0 = Release|Any CPU
		{1D815F83-AA40-46FC-BCB1-8C0F124E7B1F}.WebDeployment|x64.ActiveCfg = Release|x64
		{1D815F83-AA40-46FC-BCB1-8C0F124E7B1F}.WebDeployment|x64.Build.0 = Release|x64
		{D1F1EF3B-1BF3-46C2-AF32-A639136C1862}.CD_ROM|Any CPU.ActiveCfg = Release|Any CPU
		{D1F1EF3B-1BF3-46C2-AF32-A639136C1862}.CD_ROM|Any CPU.Build.0 = Release|Any CPU
		{D1F1EF3B-1BF3-46C2-AF32-A639136C1862}.CD_ROM|x64.ActiveCfg = Release|x64
		{D1F1EF3B-1BF3-46C2-AF32-A639136C1862}.CD_ROM|x64.Build.0 = Release|x64
		{D1F1EF3B-1BF3-46C2-AF32-A639136C1862}.Custom|Any CPU.ActiveCfg = Release|Any CPU
		{D1F1EF3B-1BF3-46C2-AF32-A639136C1862}.Custom|Any CPU.Build.0 = Release|Any CPU
		{D1F1EF3B-1BF3-46C2-AF32-A639136C1862}.Custom|x64.ActiveCfg = Release|x64
		{D1F1EF3B-1BF3-46C2-AF32-A639136C1862}.Custom|x64.Build.0 = Release|x64
		{D1F1EF3B-1BF3-46C2-AF32-A639136C1862}.Debug|Any CPU.ActiveCfg = Debug|Any CPU
		{D1F1EF3B-1BF3-46C2-AF32-A639136C1862}.Debug|Any CPU.Build.0 = Debug|Any CPU
		{D1F1EF3B-1BF3-46C2-AF32-A639136C1862}.Debug|x64.ActiveCfg = Debug|x64
		{D1F1EF3B-1BF3-46C2-AF32-A639136C1862}.Debug|x64.Build.0 = Debug|x64
		{D1F1EF3B-1BF3-46C2-AF32-A639136C1862}.DVD-10|Any CPU.ActiveCfg = Debug|Any CPU
		{D1F1EF3B-1BF3-46C2-AF32-A639136C1862}.DVD-10|Any CPU.Build.0 = Debug|Any CPU
		{D1F1EF3B-1BF3-46C2-AF32-A639136C1862}.DVD-10|x64.ActiveCfg = Debug|x64
		{D1F1EF3B-1BF3-46C2-AF32-A639136C1862}.DVD-10|x64.Build.0 = Debug|x64
		{D1F1EF3B-1BF3-46C2-AF32-A639136C1862}.DVD-18|Any CPU.ActiveCfg = Debug|Any CPU
		{D1F1EF3B-1BF3-46C2-AF32-A639136C1862}.DVD-18|Any CPU.Build.0 = Debug|Any CPU
		{D1F1EF3B-1BF3-46C2-AF32-A639136C1862}.DVD-18|x64.ActiveCfg = Debug|x64
		{D1F1EF3B-1BF3-46C2-AF32-A639136C1862}.DVD-18|x64.Build.0 = Debug|x64
		{D1F1EF3B-1BF3-46C2-AF32-A639136C1862}.DVD-5|Any CPU.ActiveCfg = Debug|Any CPU
		{D1F1EF3B-1BF3-46C2-AF32-A639136C1862}.DVD-5|Any CPU.Build.0 = Debug|Any CPU
		{D1F1EF3B-1BF3-46C2-AF32-A639136C1862}.DVD-5|x64.ActiveCfg = Debug|x64
		{D1F1EF3B-1BF3-46C2-AF32-A639136C1862}.DVD-5|x64.Build.0 = Debug|x64
		{D1F1EF3B-1BF3-46C2-AF32-A639136C1862}.DVD-9|Any CPU.ActiveCfg = Debug|Any CPU
		{D1F1EF3B-1BF3-46C2-AF32-A639136C1862}.DVD-9|Any CPU.Build.0 = Debug|Any CPU
		{D1F1EF3B-1BF3-46C2-AF32-A639136C1862}.DVD-9|x64.ActiveCfg = Debug|x64
		{D1F1EF3B-1BF3-46C2-AF32-A639136C1862}.DVD-9|x64.Build.0 = Debug|x64
		{D1F1EF3B-1BF3-46C2-AF32-A639136C1862}.Release|Any CPU.ActiveCfg = Release|Any CPU
		{D1F1EF3B-1BF3-46C2-AF32-A639136C1862}.Release|Any CPU.Build.0 = Release|Any CPU
		{D1F1EF3B-1BF3-46C2-AF32-A639136C1862}.Release|x64.ActiveCfg = Release|x64
		{D1F1EF3B-1BF3-46C2-AF32-A639136C1862}.Release|x64.Build.0 = Release|x64
		{D1F1EF3B-1BF3-46C2-AF32-A639136C1862}.SingleImage|Any CPU.ActiveCfg = Release|Any CPU
		{D1F1EF3B-1BF3-46C2-AF32-A639136C1862}.SingleImage|Any CPU.Build.0 = Release|Any CPU
		{D1F1EF3B-1BF3-46C2-AF32-A639136C1862}.SingleImage|x64.ActiveCfg = Release|x64
		{D1F1EF3B-1BF3-46C2-AF32-A639136C1862}.SingleImage|x64.Build.0 = Release|x64
		{D1F1EF3B-1BF3-46C2-AF32-A639136C1862}.WebDeployment|Any CPU.ActiveCfg = Release|Any CPU
		{D1F1EF3B-1BF3-46C2-AF32-A639136C1862}.WebDeployment|Any CPU.Build.0 = Release|Any CPU
		{D1F1EF3B-1BF3-46C2-AF32-A639136C1862}.WebDeployment|x64.ActiveCfg = Release|x64
		{D1F1EF3B-1BF3-46C2-AF32-A639136C1862}.WebDeployment|x64.Build.0 = Release|x64
		{B8163B6A-C494-4CC9-A3AE-B3A32B16B151}.CD_ROM|Any CPU.ActiveCfg = Release|Any CPU
		{B8163B6A-C494-4CC9-A3AE-B3A32B16B151}.CD_ROM|Any CPU.Build.0 = Release|Any CPU
		{B8163B6A-C494-4CC9-A3AE-B3A32B16B151}.CD_ROM|x64.ActiveCfg = Release|x64
		{B8163B6A-C494-4CC9-A3AE-B3A32B16B151}.CD_ROM|x64.Build.0 = Release|x64
		{B8163B6A-C494-4CC9-A3AE-B3A32B16B151}.Custom|Any CPU.ActiveCfg = Release|Any CPU
		{B8163B6A-C494-4CC9-A3AE-B3A32B16B151}.Custom|Any CPU.Build.0 = Release|Any CPU
		{B8163B6A-C494-4CC9-A3AE-B3A32B16B151}.Custom|x64.ActiveCfg = Release|x64
		{B8163B6A-C494-4CC9-A3AE-B3A32B16B151}.Custom|x64.Build.0 = Release|x64
		{B8163B6A-C494-4CC9-A3AE-B3A32B16B151}.Debug|Any CPU.ActiveCfg = Debug|Any CPU
		{B8163B6A-C494-4CC9-A3AE-B3A32B16B151}.Debug|Any CPU.Build.0 = Debug|Any CPU
		{B8163B6A-C494-4CC9-A3AE-B3A32B16B151}.Debug|x64.ActiveCfg = Debug|x64
		{B8163B6A-C494-4CC9-A3AE-B3A32B16B151}.Debug|x64.Build.0 = Debug|x64
		{B8163B6A-C494-4CC9-A3AE-B3A32B16B151}.DVD-10|Any CPU.ActiveCfg = Debug|Any CPU
		{B8163B6A-C494-4CC9-A3AE-B3A32B16B151}.DVD-10|Any CPU.Build.0 = Debug|Any CPU
		{B8163B6A-C494-4CC9-A3AE-B3A32B16B151}.DVD-10|x64.ActiveCfg = Debug|x64
		{B8163B6A-C494-4CC9-A3AE-B3A32B16B151}.DVD-10|x64.Build.0 = Debug|x64
		{B8163B6A-C494-4CC9-A3AE-B3A32B16B151}.DVD-18|Any CPU.ActiveCfg = Debug|Any CPU
		{B8163B6A-C494-4CC9-A3AE-B3A32B16B151}.DVD-18|Any CPU.Build.0 = Debug|Any CPU
		{B8163B6A-C494-4CC9-A3AE-B3A32B16B151}.DVD-18|x64.ActiveCfg = Debug|x64
		{B8163B6A-C494-4CC9-A3AE-B3A32B16B151}.DVD-18|x64.Build.0 = Debug|x64
		{B8163B6A-C494-4CC9-A3AE-B3A32B16B151}.DVD-5|Any CPU.ActiveCfg = Debug|Any CPU
		{B8163B6A-C494-4CC9-A3AE-B3A32B16B151}.DVD-5|Any CPU.Build.0 = Debug|Any CPU
		{B8163B6A-C494-4CC9-A3AE-B3A32B16B151}.DVD-5|x64.ActiveCfg = Debug|x64
		{B8163B6A-C494-4CC9-A3AE-B3A32B16B151}.DVD-5|x64.Build.0 = Debug|x64
		{B8163B6A-C494-4CC9-A3AE-B3A32B16B151}.DVD-9|Any CPU.ActiveCfg = Debug|Any CPU
		{B8163B6A-C494-4CC9-A3AE-B3A32B16B151}.DVD-9|Any CPU.Build.0 = Debug|Any CPU
		{B8163B6A-C494-4CC9-A3AE-B3A32B16B151}.DVD-9|x64.ActiveCfg = Debug|x64
		{B8163B6A-C494-4CC9-A3AE-B3A32B16B151}.DVD-9|x64.Build.0 = Debug|x64
		{B8163B6A-C494-4CC9-A3AE-B3A32B16B151}.Release|Any CPU.ActiveCfg = Release|Any CPU
		{B8163B6A-C494-4CC9-A3AE-B3A32B16B151}.Release|Any CPU.Build.0 = Release|Any CPU
		{B8163B6A-C494-4CC9-A3AE-B3A32B16B151}.Release|x64.ActiveCfg = Release|x64
		{B8163B6A-C494-4CC9-A3AE-B3A32B16B151}.Release|x64.Build.0 = Release|x64
		{B8163B6A-C494-4CC9-A3AE-B3A32B16B151}.SingleImage|Any CPU.ActiveCfg = Release|Any CPU
		{B8163B6A-C494-4CC9-A3AE-B3A32B16B151}.SingleImage|Any CPU.Build.0 = Release|Any CPU
		{B8163B6A-C494-4CC9-A3AE-B3A32B16B151}.SingleImage|x64.ActiveCfg = Release|x64
		{B8163B6A-C494-4CC9-A3AE-B3A32B16B151}.SingleImage|x64.Build.0 = Release|x64
		{B8163B6A-C494-4CC9-A3AE-B3A32B16B151}.WebDeployment|Any CPU.ActiveCfg = Release|Any CPU
		{B8163B6A-C494-4CC9-A3AE-B3A32B16B151}.WebDeployment|Any CPU.Build.0 = Release|Any CPU
		{B8163B6A-C494-4CC9-A3AE-B3A32B16B151}.WebDeployment|x64.ActiveCfg = Release|x64
		{B8163B6A-C494-4CC9-A3AE-B3A32B16B151}.WebDeployment|x64.Build.0 = Release|x64
		{07D828BF-52E9-4FF9-9D68-65E9AB7B157E}.CD_ROM|Any CPU.ActiveCfg = Release|Any CPU
		{07D828BF-52E9-4FF9-9D68-65E9AB7B157E}.CD_ROM|Any CPU.Build.0 = Release|Any CPU
		{07D828BF-52E9-4FF9-9D68-65E9AB7B157E}.CD_ROM|x64.ActiveCfg = Release|x64
		{07D828BF-52E9-4FF9-9D68-65E9AB7B157E}.CD_ROM|x64.Build.0 = Release|x64
		{07D828BF-52E9-4FF9-9D68-65E9AB7B157E}.Custom|Any CPU.ActiveCfg = Release|Any CPU
		{07D828BF-52E9-4FF9-9D68-65E9AB7B157E}.Custom|Any CPU.Build.0 = Release|Any CPU
		{07D828BF-52E9-4FF9-9D68-65E9AB7B157E}.Custom|x64.ActiveCfg = Release|x64
		{07D828BF-52E9-4FF9-9D68-65E9AB7B157E}.Custom|x64.Build.0 = Release|x64
		{07D828BF-52E9-4FF9-9D68-65E9AB7B157E}.Debug|Any CPU.ActiveCfg = Debug|Any CPU
		{07D828BF-52E9-4FF9-9D68-65E9AB7B157E}.Debug|Any CPU.Build.0 = Debug|Any CPU
		{07D828BF-52E9-4FF9-9D68-65E9AB7B157E}.Debug|x64.ActiveCfg = Debug|x64
		{07D828BF-52E9-4FF9-9D68-65E9AB7B157E}.Debug|x64.Build.0 = Debug|x64
		{07D828BF-52E9-4FF9-9D68-65E9AB7B157E}.DVD-10|Any CPU.ActiveCfg = Debug|Any CPU
		{07D828BF-52E9-4FF9-9D68-65E9AB7B157E}.DVD-10|Any CPU.Build.0 = Debug|Any CPU
		{07D828BF-52E9-4FF9-9D68-65E9AB7B157E}.DVD-10|x64.ActiveCfg = Debug|x64
		{07D828BF-52E9-4FF9-9D68-65E9AB7B157E}.DVD-10|x64.Build.0 = Debug|x64
		{07D828BF-52E9-4FF9-9D68-65E9AB7B157E}.DVD-18|Any CPU.ActiveCfg = Debug|Any CPU
		{07D828BF-52E9-4FF9-9D68-65E9AB7B157E}.DVD-18|Any CPU.Build.0 = Debug|Any CPU
		{07D828BF-52E9-4FF9-9D68-65E9AB7B157E}.DVD-18|x64.ActiveCfg = Debug|x64
		{07D828BF-52E9-4FF9-9D68-65E9AB7B157E}.DVD-18|x64.Build.0 = Debug|x64
		{07D828BF-52E9-4FF9-9D68-65E9AB7B157E}.DVD-5|Any CPU.ActiveCfg = Debug|Any CPU
		{07D828BF-52E9-4FF9-9D68-65E9AB7B157E}.DVD-5|Any CPU.Build.0 = Debug|Any CPU
		{07D828BF-52E9-4FF9-9D68-65E9AB7B157E}.DVD-5|x64.ActiveCfg = Debug|x64
		{07D828BF-52E9-4FF9-9D68-65E9AB7B157E}.DVD-5|x64.Build.0 = Debug|x64
		{07D828BF-52E9-4FF9-9D68-65E9AB7B157E}.DVD-9|Any CPU.ActiveCfg = Debug|Any CPU
		{07D828BF-52E9-4FF9-9D68-65E9AB7B157E}.DVD-9|Any CPU.Build.0 = Debug|Any CPU
		{07D828BF-52E9-4FF9-9D68-65E9AB7B157E}.DVD-9|x64.ActiveCfg = Debug|x64
		{07D828BF-52E9-4FF9-9D68-65E9AB7B157E}.DVD-9|x64.Build.0 = Debug|x64
		{07D828BF-52E9-4FF9-9D68-65E9AB7B157E}.Release|Any CPU.ActiveCfg = Release|Any CPU
		{07D828BF-52E9-4FF9-9D68-65E9AB7B157E}.Release|Any CPU.Build.0 = Release|Any CPU
		{07D828BF-52E9-4FF9-9D68-65E9AB7B157E}.Release|x64.ActiveCfg = Release|x64
		{07D828BF-52E9-4FF9-9D68-65E9AB7B157E}.Release|x64.Build.0 = Release|x64
		{07D828BF-52E9-4FF9-9D68-65E9AB7B157E}.SingleImage|Any CPU.ActiveCfg = Release|Any CPU
		{07D828BF-52E9-4FF9-9D68-65E9AB7B157E}.SingleImage|Any CPU.Build.0 = Release|Any CPU
		{07D828BF-52E9-4FF9-9D68-65E9AB7B157E}.SingleImage|x64.ActiveCfg = Release|x64
		{07D828BF-52E9-4FF9-9D68-65E9AB7B157E}.SingleImage|x64.Build.0 = Release|x64
		{07D828BF-52E9-4FF9-9D68-65E9AB7B157E}.WebDeployment|Any CPU.ActiveCfg = Release|Any CPU
		{07D828BF-52E9-4FF9-9D68-65E9AB7B157E}.WebDeployment|Any CPU.Build.0 = Release|Any CPU
		{07D828BF-52E9-4FF9-9D68-65E9AB7B157E}.WebDeployment|x64.ActiveCfg = Release|x64
		{07D828BF-52E9-4FF9-9D68-65E9AB7B157E}.WebDeployment|x64.Build.0 = Release|x64
	EndGlobalSection
	GlobalSection(SolutionProperties) = preSolution
		HideSolutionNode = FALSE
	EndGlobalSection
	GlobalSection(ExtensibilityGlobals) = postSolution
		SolutionGuid = {AA9EAC9E-8E3F-45F9-9299-D9331839B73F}
	EndGlobalSection
EndGlobal
